{
    "_meta": {
        "hash": {
            "sha256": "df717e800b3d6419d6abe51ce642b3587596dae6c3273715a1bc2361468aee99"
        },
        "pipfile-spec": 6,
        "requires": {
            "python_version": "3.6"
        },
        "sources": [
            {
                "name": "pypi",
                "url": "https://pypi.org/simple",
                "verify_ssl": true
            }
        ]
    },
    "default": {
        "django": {
            "hashes": [
                "sha256:353d129f22e1d24980d6061666f435781141c2dfd852f14ffc8a670175821034",
                "sha256:90952c46d2b7b042db00e98b05f5dd97a5775822948d46fd82ff074d8ac75853"
            ],
            "index": "pypi",
            "version": "==1.11.9"
        },
        "django-appconf": {
            "hashes": [
                "sha256:6a4d9aea683b4c224d97ab8ee11ad2d29a37072c0c6c509896dd9857466fb261",
                "sha256:ddab987d14b26731352c01ee69c090a4ebfc9141ed223bef039d79587f22acd9"
            ],
            "version": "==1.0.2"
        },
        "django-filter": {
            "hashes": [
                "sha256:6f4e4bc1a11151178520567b50320e5c32f8edb552139d93ea3e30613b886f56",
                "sha256:86c3925020c27d072cdae7b828aaa5d165c2032a629abbe3c3a1be1edae61c58"
            ],
            "index": "pypi",
            "version": "==2.0.0"
        },
        "django-select2": {
            "hashes": [
                "sha256:7e5a3da54332cb94174a91e0a03177ce44c152049b0876424ba81fc805dbb89f",
                "sha256:f93b5b626e5c0e8ced24e1e31027eb4850649216e4132cdc3f3880c0bed241c9"
            ],
            "index": "pypi",
            "version": "==6.3.1"
        },
        "djangorestframework": {
            "hashes": [
                "sha256:b6714c3e4b0f8d524f193c91ecf5f5450092c2145439ac2769711f7eba89a9d9",
                "sha256:c375e4f95a3a64fccac412e36fb42ba36881e52313ec021ef410b40f67cddca4"
            ],
            "index": "pypi",
            "version": "==3.8.2"
        },
        "pytz": {
            "hashes": [
                "sha256:a061aa0a9e06881eb8b3b2b43f05b9439d6583c206d0a6c340ff72a7b6669053",
                "sha256:ffb9ef1de172603304d9d2819af6f5ece76f2e85ec10692a524dd876e72bf277"
            ],
            "version": "==2018.5"
        },
        "six": {
            "hashes": [
                "sha256:70e8a77beed4562e7f14fe23a786b54f6296e34344c23bc42f07b15018ff98e9",
                "sha256:832dc0e10feb1aa2c68dcc57dbb658f1c7e65b9b61af69048abc87a2db00a0eb"
            ],
            "index": "pypi",
            "version": "==1.11.0"
        }
    },
    "develop": {}
}
